github.com/360EntSecGroup-Skylar/excelize v1.4.1 h1:l55mJb6rkkaUzOpSsgEeKYtS6/0gHwBYyfo5Jcjv/Ks=
github.com/360EntSecGroup-Skylar/excelize v1.4.1/go.mod h1:vnax29X2usfl7HHkBrX5EvSCJcmH3dT9luvxzu8iGAE=
github.com/360EntSecGroup-Skylar/excelize/v2 v2.4.0 h1:X+2CWGf5W1tm2+W7Y/LLrAPLFSNlHATnqDudGoIzaxY=
github.com/360EntSecGroup-Skylar/excelize/v2 v2.4.0/go.mod h1:p9lGPoVX3HYEbFRfjgrPWaaKsHe/2u4EM9DB/qoctgU=
github.com/davecgh/go-spew v1.1.0/go.mod h1:J7Y8YcW2NihsgmVo/mv3lAwl/skON4iLHjSsI+c5H38=
github.com/davecgh/go-spew v1.1.1/go.mod h1:J7Y8YcW2NihsgmVo/mv3lAwl/skON4iLHjSsI+c5H38=
github.com/gvallee/go_benchmark v1.0.0 h1:twXGV8e339EyfEa60yRMms2KO2n5mueVAxabgThHJGA=
github.com/gvallee/go_benchmark v1.0.0/go.mod h1:7BPmE7UODZIuQ4IK8xyNydKatbE5Ibl9fryRAMbH0io=
github.com/gvallee/go_exec v0.0.2/go.mod h1:b8ZYmmYCaHo/g92ZHvYK8LnTp06sdTU3u2CjisIyA9w=
github.com/gvallee/go_exec v0.0.3 h1:lQz2KPEn0UCYj6dYyZEF6wq6oVnMZKZZ7CoeertFmpQ=
github.com/gvallee/go_exec v0.0.3/go.mod h1:b8ZYmmYCaHo/g92ZHvYK8LnTp06sdTU3u2CjisIyA9w=
github.com/gvallee/go_hpc_jobmgr v0.0.10 h1:ovSITVsHpLnqs6PoAGdgY53Dxg+/IFHQ49bx7JGI9gc=
github.com/gvallee/go_hpc_jobmgr v0.0.10/go.mod h1:lP+cam56d8Tt2BIU4RjRsy+vxcvkr08xUPI1iZAp8oA=
github.com/gvallee/go_software_build v0.0.17 h1:MhoPimLLG6Jd+r987i1sbTcnVZd9LFuQbR/oNcWsmwM=
github.com/gvallee/go_software_build v0.0.17/go.mod h1:xpG+JoRV2XgxWOWmwuySzdKs2+jhWIeLu3MtTrWfQ2Y=
github.com/gvallee/go_util v1.0.0/go.mod h1:fTexpwdH/n05Ziu0TXJIQsr7E+46QpBxNdeOOsyC0/s=
github.com/gvallee/go_util v1.0.1/go.mod h1:fTexpwdH/n05Ziu0TXJIQsr7E+46QpBxNdeOOsyC0/s=
github.com/gvallee/go_util v1.1.0 h1:qSwjCPTejJ8zbhFmpJ3WQtzpNOHWQwc4ijFsTbCJK7s=
github.com/gvallee/go_util v1.1.0/go.mod h1:fTexpwdH/n05Ziu0TXJIQsr7E+46QpBxNdeOOsyC0/s=
github.com/gvallee/go_util v1.3.0 h1:zlcrHyu9zmN9hfFyZcQnH4wWHrbluzFmbg9WHrXBYMA=
github.com/gvallee/go_util v1.3.0/go.mod h1:fTexpwdH/n05Ziu0TXJIQsr7E+46QpBxNdeOOsyC0/s=
github.com/gvallee/go_workspace v1.0.0 h1:JqXgfqeEXSQUj0UXCov2IonQNDrWY7nP/83pRoTMM4g=
github.com/gvallee/go_workspace v1.0.0/go.mod h1:AEaRiDQPRD603BNzIyHOI51aT2Suk/PHRBgcM8w4bEw=
github.com/gvallee/kv v1.0.0/go.mod h1:sfSclfFfLV+Y+9e9FayIbBUOtvbt1779S6q52bSSU5E=
github.com/mohae/deepcopy v0.0.0-20170929034955-c48cc78d4826 h1:RWengNIwukTxcDr9M+97sNutRR1RKhG96O6jWumTTnw=
github.com/mohae/deepcopy v0.0.0-20170929034955-c48cc78d4826/go.mod h1:TaXosZuwdSHYgviHp1DAtfrULt5eUgsSMsZf+YrPgl8=
github.com/pmezard/go-difflib v1.0.0/go.mod h1:iKH77koFhYxTK1pcRnkKkqfTogsbg7gZNVY4sRDYZ/4=
github.com/richardlehane/mscfb v1.0.3 h1:rD8TBkYWkObWO0oLDFCbwMeZ4KoalxQy+QgniCj3nKI=
github.com/richardlehane/mscfb v1.0.3/go.mod h1:YzVpcZg9czvAuhk9T+a3avCpcFPMUWm7gK3DypaEsUk=
github.com/richardlehane/msoleps v1.0.1 h1:RfrALnSNXzmXLbGct/P2b4xkFz4e8Gmj/0Vj9M9xC1o=
github.com/richardlehane/msoleps v1.0.1/go.mod h1:BWev5JBpU9Ko2WAgmZEuiz4/u3ZYTKbjLycmwiWUfWg=
github.com/stretchr/objx v0.1.0/go.mod h1:HFkY916IF+rwdDfMAkV7OtwuqBVzrE8GR6GFx+wExME=
github.com/stretchr/testify v1.2.3-0.20181224173747-660f15d67dbb/go.mod h1:a8OnRcib4nhh0OaRAV+Yts87kKdq0PP7pXfy6kDkUVs=
github.com/stretchr/testify v1.6.1/go.mod h1:6Fq8oRcR53rry900zMqJjRRixrwX3KX962/h/Wwjteg=
github.com/sylabs/singularity-mpi v1.2.2/go.mod h1:drvCxAHw6GUmtBLG4luqkjHYmABUTlWbCk4Ff1GoiFc=
github.com/xuri/efp v0.0.0-20210322160811-ab561f5b45e3 h1:EpI0bqf/eX9SdZDwlMmahKM+CDBgNbsXMhsN28XrM8o=
github.com/xuri/efp v0.0.0-20210322160811-ab561f5b45e3/go.mod h1:ybY/Jr0T0GTCnYjKqmdwxyxn2BQf2RcQIIvex5QldPI=
golang.org/x/crypto v0.0.0-20210415154028-4f45737414dc h1:+q90ECDSAQirdykUN6sPEiBXBsp8Csjcca8Oy7bgLTA=
golang.org/x/crypto v0.0.0-20210415154028-4f45737414dc/go.mod h1:T9bdIzuCu7OtxOm1hfPfRQxPLYneinmdGuTeoZ9dtd4=
golang.org/x/image v0.0.0-20210220032944-ac19c3e999fb/go.mod h1:FeLwcggjj3mMvU+oOTbSwawSJRM1uh48EjtB4UJZlP0=
golang.org/x/net v0.0.0-20210226172049-e18ecbb05110/go.mod h1:m0MpNAwzfU5UDzcl9v0D8zg8gWTRqZa9RBIspLL5mdg=
golang.org/x/net v0.0.0-20210415231046-e915ea6b2b7d h1:BgJvlyh+UqCUaPlscHJ+PN8GcpfrFdr7NHjd1JL0+Gs=
golang.org/x/net v0.0.0-20210415231046-e915ea6b2b7d/go.mod h1:9tjilg8BloeKEkVJvy7fQ90B1CfIiPueXVOjqfkSzI8=
golang.org/x/sys v0.0.0-20201119102817-f84b799fce68/go.mod h1:h1NjWce9XRLGQEsW7wpKNCjG9DtNlClVuFLEZdDNbEs=
golang.org/x/sys v0.0.0-20210330210617-4fbd30eecc44/go.mod h1:h1NjWce9XRLGQEsW7wpKNCjG9DtNlClVuFLEZdDNbEs=
golang.org/x/term v0.0.0-20201126162022-7de9c90e9dd1/go.mod h1:bj7SfCRtBDWHUb9snDiAeCFNEtKQo2Wmx5Cou7ajbmo=
golang.org/x/text v0.3.0/go.mod h1:NqM8EUOU14njkJ3fqMW+pc6Ldnwhi/IjpwHt7yyuwOQ=
golang.org/x/text v0.3.3/go.mod h1:5Zoc/QRtKVWzQhOtBMvqHzDpF6irO9z98xDceosuGiQ=
golang.org/x/text v0.3.6 h1:aRYxNxv6iGQlyVaZmk6ZgYEDa+Jg18DxebPSrd6bg1M=
golang.org/x/text v0.3.6/go.mod h1:5Zoc/QRtKVWzQhOtBMvqHzDpF6irO9z98xDceosuGiQ=
golang.org/x/tools v0.0.0-20180917221912-90fa682c2a6e/go.mod h1:n7NCudcB/nEzxVGmLbDWY5pfWTLqBcC2KZ6jyYvM4mQ=
gopkg.in/check.v1 v0.0.0-20161208181325-20d25e280405/go.mod h1:Co6ibVJAznAaIkqp8huTwlJQCZ016jof/cbN4VW5Yz0=
gopkg.in/yaml.v3 v3.0.0-20200313102051-9f266ea9e77c/go.mod h1:K4uyk7z7BCEPqu6E+C64Yfv1cQ7kz7rIZviUmN+EgEM=
